
Microsoft Visual Studio Solution File, Format Version 12.00
# Visual Studio Version 17
VisualStudioVersion = 17.8.34309.116
MinimumVisualStudioVersion = 10.0.40219.1
Project("{FAE04EC0-301F-11D3-BF4B-00C04F79EFBC}") = "XDPTPM", "XDPTPM\XDPTPM.csproj", "{0707ED49-01B3-440B-B20C-345854AE440F}"
EndProject
Global
	GlobalSection(SolutionConfigurationPlatforms) = preSolution
		Debug|Any CPU = Debug|Any CPU
		Release|Any CPU = Release|Any CPU
	EndGlobalSection
	GlobalSection(ProjectConfigurationPlatforms) = postSolution
		{0707ED49-01B3-440B-B20C-345854AE440F}.Debug|Any CPU.ActiveCfg = Debug|Any CPU
		{0707ED49-01B3-440B-B20C-345854AE440F}.Debug|Any CPU.Build.0 = Debug|Any CPU
		{0707ED49-01B3-440B-B20C-345854AE440F}.Release|Any CPU.ActiveCfg = Release|Any CPU
		{0707ED49-01B3-440B-B20C-345854AE440F}.Release|Any CPU.Build.0 = Release|Any CPU
	EndGlobalSection
	GlobalSection(SolutionProperties) = preSolution
		HideSolutionNode = FALSE
	EndGlobalSection
	GlobalSection(ExtensibilityGlobals) = postSolution
		SolutionGuid = {0828A70C-E176-49C9-B94C-82C96C4D033B}
	EndGlobalSection
EndGlobal
